
Microsoft Visual Studio Solution File, Format Version 12.00
# Visual Studio Version 17
VisualStudioVersion = 17.13.35913.81
MinimumVisualStudioVersion = 10.0.40219.1
Project("{FAE04EC0-301F-11D3-BF4B-00C04F79EFBC}") = "RazorPages", "RazorPages\RazorPages.csproj", "{898A7A0B-F1EC-484A-AF7E-5CFDC5894875}"
EndProject
Project("{FAE04EC0-301F-11D3-BF4B-00C04F79EFBC}") = "RazorPortfolio", "RazorPortfolio\RazorPortfolio.csproj", "{1E2AA605-0E25-4EAE-85DF-859B1E73565B}"
EndProject
Project("{FAE04EC0-301F-11D3-BF4B-00C04F79EFBC}") = "MovieDirectory", "MovieDirectory\MovieDirectory.csproj", "{9066DEB8-17AD-45F7-8D1C-D6B9520CE9C3}"
EndProject
Project("{FAE04EC0-301F-11D3-BF4B-00C04F79EFBC}") = "AspDotNetCoreMVC", "AspDotNetMVC\AspDotNetCoreMVC.csproj", "{8ECB2AB4-DE35-40D9-AF3C-BCCC85D363D5}"
EndProject
Project("{2150E333-8FDC-42A3-9474-1A3956D46DE8}") = "Projects", "Projects", "{02EA681E-C7D8-13C7-8484-4AC65E1B71E8}"
EndProject
Project("{2150E333-8FDC-42A3-9474-1A3956D46DE8}") = "Lessons", "Lessons", "{176A028C-4706-4771-A340-1DC62D33BD2E}"
EndProject
Project("{FAE04EC0-301F-11D3-BF4B-00C04F79EFBC}") = "MovieDirectoryDotNetCoreMVC", "MovieDirectoryDotNetCoreMVC\MovieDirectoryDotNetCoreMVC.csproj", "{387C8778-A3E9-4BDB-8A4F-5C19938B9E9F}"
EndProject
Project("{FAE04EC0-301F-11D3-BF4B-00C04F79EFBC}") = "BlazorApp", "BlazorApp\BlazorApp.csproj", "{5AF847B8-57BB-4AAE-A8CE-A4F2E5E1D08D}"
EndProject
Project("{FAE04EC0-301F-11D3-BF4B-00C04F79EFBC}") = "BlazorWebAssembly", "BlazorWebAssembly\BlazorWebAssembly\BlazorWebAssembly.csproj", "{A28B16C9-D9D1-4716-84F1-05569F9BCADD}"
EndProject
Project("{FAE04EC0-301F-11D3-BF4B-00C04F79EFBC}") = "BlazorWebAssembly.Client", "BlazorWebAssembly\BlazorWebAssembly.Client\BlazorWebAssembly.Client.csproj", "{065DD010-CD31-4AAC-B7A9-4C72BBE1A2F3}"
EndProject
Project("{2150E333-8FDC-42A3-9474-1A3956D46DE8}") = "BlazorApps", "BlazorApps", "{A06F4E98-AC74-4E8B-90E9-37991A3AFC2B}"
EndProject
Project("{FAE04EC0-301F-11D3-BF4B-00C04F79EFBC}") = "ServerSideRendering", "ServerSideRendering\ServerSideRendering.csproj", "{09FDE35D-9CE0-47B5-B473-FE472D3BE10C}"
EndProject
Project("{2150E333-8FDC-42A3-9474-1A3956D46DE8}") = "Shared Components", "Shared Components", "{A61B78EC-5D11-4F45-BD40-BA50E59FE8B7}"
EndProject
Project("{FAE04EC0-301F-11D3-BF4B-00C04F79EFBC}") = "SharedComponents", "SharedComponents\SharedComponents.csproj", "{0D80EDC1-2B32-4289-8EB4-8FD2B6DA5692}"
EndProject
Project("{FAE04EC0-301F-11D3-BF4B-00C04F79EFBC}") = "RCLBlazorServer", "RCLBlazorServer\RCLBlazorServer.csproj", "{22373EB7-1C17-4FF7-A915-3D36808B2989}"
EndProject
Project("{FAE04EC0-301F-11D3-BF4B-00C04F79EFBC}") = "WorkoutTracker", "Workout Tracker\WorkoutTracker.csproj", "{644B9E84-C6F4-49B8-B832-D2F8641CBE6A}"
EndProject
Global
	GlobalSection(SolutionConfigurationPlatforms) = preSolution
		Debug|Any CPU = Debug|Any CPU
		Release|Any CPU = Release|Any CPU
	EndGlobalSection
	GlobalSection(ProjectConfigurationPlatforms) = postSolution
		{898A7A0B-F1EC-484A-AF7E-5CFDC5894875}.Debug|Any CPU.ActiveCfg = Debug|Any CPU
		{898A7A0B-F1EC-484A-AF7E-5CFDC5894875}.Debug|Any CPU.Build.0 = Debug|Any CPU
		{898A7A0B-F1EC-484A-AF7E-5CFDC5894875}.Release|Any CPU.ActiveCfg = Release|Any CPU
		{898A7A0B-F1EC-484A-AF7E-5CFDC5894875}.Release|Any CPU.Build.0 = Release|Any CPU
		{1E2AA605-0E25-4EAE-85DF-859B1E73565B}.Debug|Any CPU.ActiveCfg = Debug|Any CPU
		{1E2AA605-0E25-4EAE-85DF-859B1E73565B}.Debug|Any CPU.Build.0 = Debug|Any CPU
		{1E2AA605-0E25-4EAE-85DF-859B1E73565B}.Release|Any CPU.ActiveCfg = Release|Any CPU
		{1E2AA605-0E25-4EAE-85DF-859B1E73565B}.Release|Any CPU.Build.0 = Release|Any CPU
		{9066DEB8-17AD-45F7-8D1C-D6B9520CE9C3}.Debug|Any CPU.ActiveCfg = Debug|Any CPU
		{9066DEB8-17AD-45F7-8D1C-D6B9520CE9C3}.Debug|Any CPU.Build.0 = Debug|Any CPU
		{9066DEB8-17AD-45F7-8D1C-D6B9520CE9C3}.Release|Any CPU.ActiveCfg = Release|Any CPU
		{9066DEB8-17AD-45F7-8D1C-D6B9520CE9C3}.Release|Any CPU.Build.0 = Release|Any CPU
		{8ECB2AB4-DE35-40D9-AF3C-BCCC85D363D5}.Debug|Any CPU.ActiveCfg = Debug|Any CPU
		{8ECB2AB4-DE35-40D9-AF3C-BCCC85D363D5}.Debug|Any CPU.Build.0 = Debug|Any CPU
		{8ECB2AB4-DE35-40D9-AF3C-BCCC85D363D5}.Release|Any CPU.ActiveCfg = Release|Any CPU
		{8ECB2AB4-DE35-40D9-AF3C-BCCC85D363D5}.Release|Any CPU.Build.0 = Release|Any CPU
		{387C8778-A3E9-4BDB-8A4F-5C19938B9E9F}.Debug|Any CPU.ActiveCfg = Debug|Any CPU
		{387C8778-A3E9-4BDB-8A4F-5C19938B9E9F}.Debug|Any CPU.Build.0 = Debug|Any CPU
		{387C8778-A3E9-4BDB-8A4F-5C19938B9E9F}.Release|Any CPU.ActiveCfg = Release|Any CPU
		{387C8778-A3E9-4BDB-8A4F-5C19938B9E9F}.Release|Any CPU.Build.0 = Release|Any CPU
		{5AF847B8-57BB-4AAE-A8CE-A4F2E5E1D08D}.Debug|Any CPU.ActiveCfg = Debug|Any CPU
		{5AF847B8-57BB-4AAE-A8CE-A4F2E5E1D08D}.Debug|Any CPU.Build.0 = Debug|Any CPU
		{5AF847B8-57BB-4AAE-A8CE-A4F2E5E1D08D}.Release|Any CPU.ActiveCfg = Release|Any CPU
		{5AF847B8-57BB-4AAE-A8CE-A4F2E5E1D08D}.Release|Any CPU.Build.0 = Release|Any CPU
		{A28B16C9-D9D1-4716-84F1-05569F9BCADD}.Debug|Any CPU.ActiveCfg = Debug|Any CPU
		{A28B16C9-D9D1-4716-84F1-05569F9BCADD}.Debug|Any CPU.Build.0 = Debug|Any CPU
		{A28B16C9-D9D1-4716-84F1-05569F9BCADD}.Release|Any CPU.ActiveCfg = Release|Any CPU
		{A28B16C9-D9D1-4716-84F1-05569F9BCADD}.Release|Any CPU.Build.0 = Release|Any CPU
		{065DD010-CD31-4AAC-B7A9-4C72BBE1A2F3}.Debug|Any CPU.ActiveCfg = Debug|Any CPU
		{065DD010-CD31-4AAC-B7A9-4C72BBE1A2F3}.Debug|Any CPU.Build.0 = Debug|Any CPU
		{065DD010-CD31-4AAC-B7A9-4C72BBE1A2F3}.Release|Any CPU.ActiveCfg = Release|Any CPU
		{065DD010-CD31-4AAC-B7A9-4C72BBE1A2F3}.Release|Any CPU.Build.0 = Release|Any CPU
		{09FDE35D-9CE0-47B5-B473-FE472D3BE10C}.Debug|Any CPU.ActiveCfg = Debug|Any CPU
		{09FDE35D-9CE0-47B5-B473-FE472D3BE10C}.Debug|Any CPU.Build.0 = Debug|Any CPU
		{09FDE35D-9CE0-47B5-B473-FE472D3BE10C}.Release|Any CPU.ActiveCfg = Release|Any CPU
		{09FDE35D-9CE0-47B5-B473-FE472D3BE10C}.Release|Any CPU.Build.0 = Release|Any CPU
		{0D80EDC1-2B32-4289-8EB4-8FD2B6DA5692}.Debug|Any CPU.ActiveCfg = Debug|Any CPU
		{0D80EDC1-2B32-4289-8EB4-8FD2B6DA5692}.Debug|Any CPU.Build.0 = Debug|Any CPU
		{0D80EDC1-2B32-4289-8EB4-8FD2B6DA5692}.Release|Any CPU.ActiveCfg = Release|Any CPU
		{0D80EDC1-2B32-4289-8EB4-8FD2B6DA5692}.Release|Any CPU.Build.0 = Release|Any CPU
		{22373EB7-1C17-4FF7-A915-3D36808B2989}.Debug|Any CPU.ActiveCfg = Debug|Any CPU
		{22373EB7-1C17-4FF7-A915-3D36808B2989}.Debug|Any CPU.Build.0 = Debug|Any CPU
		{22373EB7-1C17-4FF7-A915-3D36808B2989}.Release|Any CPU.ActiveCfg = Release|Any CPU
		{22373EB7-1C17-4FF7-A915-3D36808B2989}.Release|Any CPU.Build.0 = Release|Any CPU
		{644B9E84-C6F4-49B8-B832-D2F8641CBE6A}.Debug|Any CPU.ActiveCfg = Debug|Any CPU
		{644B9E84-C6F4-49B8-B832-D2F8641CBE6A}.Debug|Any CPU.Build.0 = Debug|Any CPU
		{644B9E84-C6F4-49B8-B832-D2F8641CBE6A}.Release|Any CPU.ActiveCfg = Release|Any CPU
		{644B9E84-C6F4-49B8-B832-D2F8641CBE6A}.Release|Any CPU.Build.0 = Release|Any CPU
	EndGlobalSection
	GlobalSection(SolutionProperties) = preSolution
		HideSolutionNode = FALSE
	EndGlobalSection
	GlobalSection(NestedProjects) = preSolution
		{898A7A0B-F1EC-484A-AF7E-5CFDC5894875} = {176A028C-4706-4771-A340-1DC62D33BD2E}
		{1E2AA605-0E25-4EAE-85DF-859B1E73565B} = {176A028C-4706-4771-A340-1DC62D33BD2E}
		{9066DEB8-17AD-45F7-8D1C-D6B9520CE9C3} = {02EA681E-C7D8-13C7-8484-4AC65E1B71E8}
		{8ECB2AB4-DE35-40D9-AF3C-BCCC85D363D5} = {176A028C-4706-4771-A340-1DC62D33BD2E}
		{387C8778-A3E9-4BDB-8A4F-5C19938B9E9F} = {02EA681E-C7D8-13C7-8484-4AC65E1B71E8}
		{5AF847B8-57BB-4AAE-A8CE-A4F2E5E1D08D} = {A06F4E98-AC74-4E8B-90E9-37991A3AFC2B}
		{A28B16C9-D9D1-4716-84F1-05569F9BCADD} = {A06F4E98-AC74-4E8B-90E9-37991A3AFC2B}
		{065DD010-CD31-4AAC-B7A9-4C72BBE1A2F3} = {A06F4E98-AC74-4E8B-90E9-37991A3AFC2B}
		{A06F4E98-AC74-4E8B-90E9-37991A3AFC2B} = {176A028C-4706-4771-A340-1DC62D33BD2E}
		{09FDE35D-9CE0-47B5-B473-FE472D3BE10C} = {A06F4E98-AC74-4E8B-90E9-37991A3AFC2B}
		{A61B78EC-5D11-4F45-BD40-BA50E59FE8B7} = {A06F4E98-AC74-4E8B-90E9-37991A3AFC2B}
		{0D80EDC1-2B32-4289-8EB4-8FD2B6DA5692} = {A61B78EC-5D11-4F45-BD40-BA50E59FE8B7}
		{22373EB7-1C17-4FF7-A915-3D36808B2989} = {A61B78EC-5D11-4F45-BD40-BA50E59FE8B7}
		{644B9E84-C6F4-49B8-B832-D2F8641CBE6A} = {02EA681E-C7D8-13C7-8484-4AC65E1B71E8}
	EndGlobalSection
	GlobalSection(ExtensibilityGlobals) = postSolution
		SolutionGuid = {5BC8C9AC-DBC8-4A71-9D68-676769094C84}
	EndGlobalSection
EndGlobal
